
Microsoft Visual Studio Solution File, Format Version 12.00
# Visual Studio Version 16
VisualStudioVersion = 16.0.30907.101
MinimumVisualStudioVersion = 10.0.40219.1
Project("{FAE04EC0-301F-11D3-BF4B-00C04F79EFBC}") = "T25_Models_ER_Ex4", "T25_Models_ER_Ex4\T25_Models_ER_Ex4.csproj", "{DF189F57-50D9-45F8-A56E-A410A52F7A9D}"
EndProject
Global
	GlobalSection(SolutionConfigurationPlatforms) = preSolution
		Debug|Any CPU = Debug|Any CPU
		Release|Any CPU = Release|Any CPU
	EndGlobalSection
	GlobalSection(ProjectConfigurationPlatforms) = postSolution
		{DF189F57-50D9-45F8-A56E-A410A52F7A9D}.Debug|Any CPU.ActiveCfg = Debug|Any CPU
		{DF189F57-50D9-45F8-A56E-A410A52F7A9D}.Debug|Any CPU.Build.0 = Debug|Any CPU
		{DF189F57-50D9-45F8-A56E-A410A52F7A9D}.Release|Any CPU.ActiveCfg = Release|Any CPU
		{DF189F57-50D9-45F8-A56E-A410A52F7A9D}.Release|Any CPU.Build.0 = Release|Any CPU
	EndGlobalSection
	GlobalSection(SolutionProperties) = preSolution
		HideSolutionNode = FALSE
	EndGlobalSection
	GlobalSection(ExtensibilityGlobals) = postSolution
		SolutionGuid = {4D9642E6-CA0E-46A3-806C-0247E4A0A76C}
	EndGlobalSection
EndGlobal
